
Microsoft Visual Studio Solution File, Format Version 12.00
# Visual Studio 15
VisualStudioVersion = 15.0.28307.329
MinimumVisualStudioVersion = 10.0.40219.1
Project("{FAE04EC0-301F-11D3-BF4B-00C04F79EFBC}") = "LayeredArchitecture.Dal", "LayeredArchitecture.Dal\LayeredArchitecture.Dal.csproj", "{81D0CD69-6996-4476-8CCF-8734450F3398}"
EndProject
Project("{FAE04EC0-301F-11D3-BF4B-00C04F79EFBC}") = "LayeredArchitecture.Bll", "LayeredArchitecture.Bll\LayeredArchitecture.Bll.csproj", "{8CC4511E-89BA-4E4C-9D3F-CD479B724BB7}"
EndProject
Project("{FAE04EC0-301F-11D3-BF4B-00C04F79EFBC}") = "LayeredArchitecture.Pl", "LayeredArchitecture.Pl\LayeredArchitecture.Pl.csproj", "{BBF4D7F4-1BCF-4767-9F21-1929AFA4608E}"
EndProject
Project("{FAE04EC0-301F-11D3-BF4B-00C04F79EFBC}") = "LayeredArchitecture.Entities", "LayeredArchitecture.Entities\LayeredArchitecture.Entities.csproj", "{2F4846F5-C234-4C01-A33D-F0261A895A2A}"
EndProject
Project("{FAE04EC0-301F-11D3-BF4B-00C04F79EFBC}") = "LayeredArchitecture.Interfaces", "LayeredArchitecture.Interfaces\LayeredArchitecture.Interfaces.csproj", "{EBB48A73-3FB4-496E-8179-46232FC65D9A}"
EndProject
Global
	GlobalSection(SolutionConfigurationPlatforms) = preSolution
		Debug|Any CPU = Debug|Any CPU
		Release|Any CPU = Release|Any CPU
	EndGlobalSection
	GlobalSection(ProjectConfigurationPlatforms) = postSolution
		{81D0CD69-6996-4476-8CCF-8734450F3398}.Debug|Any CPU.ActiveCfg = Debug|Any CPU
		{81D0CD69-6996-4476-8CCF-8734450F3398}.Debug|Any CPU.Build.0 = Debug|Any CPU
		{81D0CD69-6996-4476-8CCF-8734450F3398}.Release|Any CPU.ActiveCfg = Release|Any CPU
		{81D0CD69-6996-4476-8CCF-8734450F3398}.Release|Any CPU.Build.0 = Release|Any CPU
		{8CC4511E-89BA-4E4C-9D3F-CD479B724BB7}.Debug|Any CPU.ActiveCfg = Debug|Any CPU
		{8CC4511E-89BA-4E4C-9D3F-CD479B724BB7}.Debug|Any CPU.Build.0 = Debug|Any CPU
		{8CC4511E-89BA-4E4C-9D3F-CD479B724BB7}.Release|Any CPU.ActiveCfg = Release|Any CPU
		{8CC4511E-89BA-4E4C-9D3F-CD479B724BB7}.Release|Any CPU.Build.0 = Release|Any CPU
		{BBF4D7F4-1BCF-4767-9F21-1929AFA4608E}.Debug|Any CPU.ActiveCfg = Debug|Any CPU
		{BBF4D7F4-1BCF-4767-9F21-1929AFA4608E}.Debug|Any CPU.Build.0 = Debug|Any CPU
		{BBF4D7F4-1BCF-4767-9F21-1929AFA4608E}.Release|Any CPU.ActiveCfg = Release|Any CPU
		{BBF4D7F4-1BCF-4767-9F21-1929AFA4608E}.Release|Any CPU.Build.0 = Release|Any CPU
		{2F4846F5-C234-4C01-A33D-F0261A895A2A}.Debug|Any CPU.ActiveCfg = Debug|Any CPU
		{2F4846F5-C234-4C01-A33D-F0261A895A2A}.Debug|Any CPU.Build.0 = Debug|Any CPU
		{2F4846F5-C234-4C01-A33D-F0261A895A2A}.Release|Any CPU.ActiveCfg = Release|Any CPU
		{2F4846F5-C234-4C01-A33D-F0261A895A2A}.Release|Any CPU.Build.0 = Release|Any CPU
		{EBB48A73-3FB4-496E-8179-46232FC65D9A}.Debug|Any CPU.ActiveCfg = Debug|Any CPU
		{EBB48A73-3FB4-496E-8179-46232FC65D9A}.Debug|Any CPU.Build.0 = Debug|Any CPU
		{EBB48A73-3FB4-496E-8179-46232FC65D9A}.Release|Any CPU.ActiveCfg = Release|Any CPU
		{EBB48A73-3FB4-496E-8179-46232FC65D9A}.Release|Any CPU.Build.0 = Release|Any CPU
	EndGlobalSection
	GlobalSection(SolutionProperties) = preSolution
		HideSolutionNode = FALSE
	EndGlobalSection
	GlobalSection(ExtensibilityGlobals) = postSolution
		SolutionGuid = {6EBB0646-62E5-4468-95AA-0C556719C524}
	EndGlobalSection
EndGlobal
